
Microsoft Visual Studio Solution File, Format Version 12.00
Project("{FAE04EC0-301F-11D3-BF4B-00C04F79EFBC}") = "BALTIDE_Brandon_TP5_ST2TRD", "BALTIDE_Brandon_TP5_ST2TRD\BALTIDE_Brandon_TP5_ST2TRD.csproj", "{04F78889-A076-42F1-9FD0-3241E576AC0F}"
EndProject
Project("{FAE04EC0-301F-11D3-BF4B-00C04F79EFBC}") = "DecoratorPattern", "DecoratorPattern\DecoratorPattern.csproj", "{81C5D6BE-035A-4451-8471-823302B85F01}"
EndProject
Project("{FAE04EC0-301F-11D3-BF4B-00C04F79EFBC}") = "StretegyDesignPattern", "StretegyDesignPattern\StretegyDesignPattern.csproj", "{B0C32112-2263-49FA-B804-BCD0ED8BAC8A}"
EndProject
Global
	GlobalSection(SolutionConfigurationPlatforms) = preSolution
		Debug|Any CPU = Debug|Any CPU
		Release|Any CPU = Release|Any CPU
	EndGlobalSection
	GlobalSection(ProjectConfigurationPlatforms) = postSolution
		{04F78889-A076-42F1-9FD0-3241E576AC0F}.Debug|Any CPU.ActiveCfg = Debug|Any CPU
		{04F78889-A076-42F1-9FD0-3241E576AC0F}.Debug|Any CPU.Build.0 = Debug|Any CPU
		{04F78889-A076-42F1-9FD0-3241E576AC0F}.Release|Any CPU.ActiveCfg = Release|Any CPU
		{04F78889-A076-42F1-9FD0-3241E576AC0F}.Release|Any CPU.Build.0 = Release|Any CPU
		{81C5D6BE-035A-4451-8471-823302B85F01}.Debug|Any CPU.ActiveCfg = Debug|Any CPU
		{81C5D6BE-035A-4451-8471-823302B85F01}.Debug|Any CPU.Build.0 = Debug|Any CPU
		{81C5D6BE-035A-4451-8471-823302B85F01}.Release|Any CPU.ActiveCfg = Release|Any CPU
		{81C5D6BE-035A-4451-8471-823302B85F01}.Release|Any CPU.Build.0 = Release|Any CPU
		{B0C32112-2263-49FA-B804-BCD0ED8BAC8A}.Debug|Any CPU.ActiveCfg = Debug|Any CPU
		{B0C32112-2263-49FA-B804-BCD0ED8BAC8A}.Debug|Any CPU.Build.0 = Debug|Any CPU
		{B0C32112-2263-49FA-B804-BCD0ED8BAC8A}.Release|Any CPU.ActiveCfg = Release|Any CPU
		{B0C32112-2263-49FA-B804-BCD0ED8BAC8A}.Release|Any CPU.Build.0 = Release|Any CPU
	EndGlobalSection
EndGlobal
